
Microsoft Visual Studio Solution File, Format Version 12.00
# Visual Studio 15
VisualStudioVersion = 15.0.28307.106
MinimumVisualStudioVersion = 10.0.40219.1
Project("{FAE04EC0-301F-11D3-BF4B-00C04F79EFBC}") = "p", "ClamAVService\p.csproj", "{33CC1AFF-5DDA-4416-A1AD-80DF1D907C75}"
EndProject
Project("{FAE04EC0-301F-11D3-BF4B-00C04F79EFBC}") = "ClamAVLibrary", "ClamAVLibrary\ClamAVLibrary.csproj", "{A0281C25-460F-4ADE-8078-F00EFA85B041}"
EndProject
Project("{FAE04EC0-301F-11D3-BF4B-00C04F79EFBC}") = "ClamAVConsole", "ClamAVConsole\ClamAVConsole.csproj", "{38516B8C-E967-4602-9E9F-D8DCF083F4C4}"
EndProject
Global
	GlobalSection(SolutionConfigurationPlatforms) = preSolution
		Debug|Any CPU = Debug|Any CPU
		Release|Any CPU = Release|Any CPU
	EndGlobalSection
	GlobalSection(ProjectConfigurationPlatforms) = postSolution
		{33CC1AFF-5DDA-4416-A1AD-80DF1D907C75}.Debug|Any CPU.ActiveCfg = Debug|Any CPU
		{33CC1AFF-5DDA-4416-A1AD-80DF1D907C75}.Debug|Any CPU.Build.0 = Debug|Any CPU
		{33CC1AFF-5DDA-4416-A1AD-80DF1D907C75}.Release|Any CPU.ActiveCfg = Release|Any CPU
		{33CC1AFF-5DDA-4416-A1AD-80DF1D907C75}.Release|Any CPU.Build.0 = Release|Any CPU
		{A0281C25-460F-4ADE-8078-F00EFA85B041}.Debug|Any CPU.ActiveCfg = Debug|Any CPU
		{A0281C25-460F-4ADE-8078-F00EFA85B041}.Debug|Any CPU.Build.0 = Debug|Any CPU
		{A0281C25-460F-4ADE-8078-F00EFA85B041}.Release|Any CPU.ActiveCfg = Release|Any CPU
		{A0281C25-460F-4ADE-8078-F00EFA85B041}.Release|Any CPU.Build.0 = Release|Any CPU
		{38516B8C-E967-4602-9E9F-D8DCF083F4C4}.Debug|Any CPU.ActiveCfg = Debug|Any CPU
		{38516B8C-E967-4602-9E9F-D8DCF083F4C4}.Debug|Any CPU.Build.0 = Debug|Any CPU
		{38516B8C-E967-4602-9E9F-D8DCF083F4C4}.Release|Any CPU.ActiveCfg = Release|Any CPU
		{38516B8C-E967-4602-9E9F-D8DCF083F4C4}.Release|Any CPU.Build.0 = Release|Any CPU
	EndGlobalSection
	GlobalSection(SolutionProperties) = preSolution
		HideSolutionNode = FALSE
	EndGlobalSection
	GlobalSection(ExtensibilityGlobals) = postSolution
		SolutionGuid = {5C087726-9F88-4707-BFAD-966BA323036D}
	EndGlobalSection
EndGlobal
